
Microsoft Visual Studio Solution File, Format Version 12.00
# Visual Studio 15
VisualStudioVersion = 15.0.27428.2005
MinimumVisualStudioVersion = 10.0.40219.1
Project("{8BC9CEB8-8B4A-11D0-8D11-00A0C91BC942}") = "OpenGl - Template", "OpenGl - Template\OpenGl - Template.vcxproj", "{5DDA6A2B-F851-49F9-B75A-73C7015FD8BB}"
EndProject
Global
	GlobalSection(SolutionConfigurationPlatforms) = preSolution
		Debug|x64 = Debug|x64
		Debug|x86 = Debug|x86
		Release|x64 = Release|x64
		Release|x86 = Release|x86
	EndGlobalSection
	GlobalSection(ProjectConfigurationPlatforms) = postSolution
		{5DDA6A2B-F851-49F9-B75A-73C7015FD8BB}.Debug|x64.ActiveCfg = Debug|x64
		{5DDA6A2B-F851-49F9-B75A-73C7015FD8BB}.Debug|x64.Build.0 = Debug|x64
		{5DDA6A2B-F851-49F9-B75A-73C7015FD8BB}.Debug|x86.ActiveCfg = Debug|Win32
		{5DDA6A2B-F851-49F9-B75A-73C7015FD8BB}.Debug|x86.Build.0 = Debug|Win32
		{5DDA6A2B-F851-49F9-B75A-73C7015FD8BB}.Release|x64.ActiveCfg = Release|x64
		{5DDA6A2B-F851-49F9-B75A-73C7015FD8BB}.Release|x64.Build.0 = Release|x64
		{5DDA6A2B-F851-49F9-B75A-73C7015FD8BB}.Release|x86.ActiveCfg = Release|Win32
		{5DDA6A2B-F851-49F9-B75A-73C7015FD8BB}.Release|x86.Build.0 = Release|Win32
	EndGlobalSection
	GlobalSection(SolutionProperties) = preSolution
		HideSolutionNode = FALSE
	EndGlobalSection
	GlobalSection(ExtensibilityGlobals) = postSolution
		SolutionGuid = {3DDC164A-9898-46C4-A6C3-5A6DC4819E21}
	EndGlobalSection
EndGlobal
